
Microsoft Visual Studio Solution File, Format Version 12.00
# Visual Studio Version 16
VisualStudioVersion = 16.0.30907.101
MinimumVisualStudioVersion = 10.0.40219.1
Project("{9A19103F-16F7-4668-BE54-9A1E7A4F7556}") = "ConsoleUI", "ConsoleUI\ConsoleUI.csproj", "{D397E5FA-FE61-4686-9629-0260354BC81C}"
EndProject
Project("{9A19103F-16F7-4668-BE54-9A1E7A4F7556}") = "Business", "Business\Business.csproj", "{FF84AEBD-D4E2-4571-87CA-51AFCD33FB5E}"
EndProject
Project("{9A19103F-16F7-4668-BE54-9A1E7A4F7556}") = "DataAccess", "DataAccess\DataAccess.csproj", "{C0E26D5D-D9C8-47A5-86AE-D89CB0C189EB}"
EndProject
Project("{9A19103F-16F7-4668-BE54-9A1E7A4F7556}") = "Entities", "Entities\Entities.csproj", "{D866896B-BDE0-446A-9C11-D92BB6856AD9}"
EndProject
Project("{9A19103F-16F7-4668-BE54-9A1E7A4F7556}") = "Core", "Core\Core.csproj", "{4CA82B42-BF89-464A-B5BF-49B77AAC7EA8}"
EndProject
Project("{9A19103F-16F7-4668-BE54-9A1E7A4F7556}") = "WebAPI", "WebAPI\WebAPI.csproj", "{B5C11CD8-3937-45CD-BB9A-0D24A0A90780}"
EndProject
Global
	GlobalSection(SolutionConfigurationPlatforms) = preSolution
		Debug|Any CPU = Debug|Any CPU
		Release|Any CPU = Release|Any CPU
	EndGlobalSection
	GlobalSection(ProjectConfigurationPlatforms) = postSolution
		{D397E5FA-FE61-4686-9629-0260354BC81C}.Debug|Any CPU.ActiveCfg = Debug|Any CPU
		{D397E5FA-FE61-4686-9629-0260354BC81C}.Debug|Any CPU.Build.0 = Debug|Any CPU
		{D397E5FA-FE61-4686-9629-0260354BC81C}.Release|Any CPU.ActiveCfg = Release|Any CPU
		{D397E5FA-FE61-4686-9629-0260354BC81C}.Release|Any CPU.Build.0 = Release|Any CPU
		{FF84AEBD-D4E2-4571-87CA-51AFCD33FB5E}.Debug|Any CPU.ActiveCfg = Debug|Any CPU
		{FF84AEBD-D4E2-4571-87CA-51AFCD33FB5E}.Debug|Any CPU.Build.0 = Debug|Any CPU
		{FF84AEBD-D4E2-4571-87CA-51AFCD33FB5E}.Release|Any CPU.ActiveCfg = Release|Any CPU
		{FF84AEBD-D4E2-4571-87CA-51AFCD33FB5E}.Release|Any CPU.Build.0 = Release|Any CPU
		{C0E26D5D-D9C8-47A5-86AE-D89CB0C189EB}.Debug|Any CPU.ActiveCfg = Debug|Any CPU
		{C0E26D5D-D9C8-47A5-86AE-D89CB0C189EB}.Debug|Any CPU.Build.0 = Debug|Any CPU
		{C0E26D5D-D9C8-47A5-86AE-D89CB0C189EB}.Release|Any CPU.ActiveCfg = Release|Any CPU
		{C0E26D5D-D9C8-47A5-86AE-D89CB0C189EB}.Release|Any CPU.Build.0 = Release|Any CPU
		{D866896B-BDE0-446A-9C11-D92BB6856AD9}.Debug|Any CPU.ActiveCfg = Debug|Any CPU
		{D866896B-BDE0-446A-9C11-D92BB6856AD9}.Debug|Any CPU.Build.0 = Debug|Any CPU
		{D866896B-BDE0-446A-9C11-D92BB6856AD9}.Release|Any CPU.ActiveCfg = Release|Any CPU
		{D866896B-BDE0-446A-9C11-D92BB6856AD9}.Release|Any CPU.Build.0 = Release|Any CPU
		{4CA82B42-BF89-464A-B5BF-49B77AAC7EA8}.Debug|Any CPU.ActiveCfg = Debug|Any CPU
		{4CA82B42-BF89-464A-B5BF-49B77AAC7EA8}.Debug|Any CPU.Build.0 = Debug|Any CPU
		{4CA82B42-BF89-464A-B5BF-49B77AAC7EA8}.Release|Any CPU.ActiveCfg = Release|Any CPU
		{4CA82B42-BF89-464A-B5BF-49B77AAC7EA8}.Release|Any CPU.Build.0 = Release|Any CPU
		{B5C11CD8-3937-45CD-BB9A-0D24A0A90780}.Debug|Any CPU.ActiveCfg = Debug|Any CPU
		{B5C11CD8-3937-45CD-BB9A-0D24A0A90780}.Debug|Any CPU.Build.0 = Debug|Any CPU
		{B5C11CD8-3937-45CD-BB9A-0D24A0A90780}.Release|Any CPU.ActiveCfg = Release|Any CPU
		{B5C11CD8-3937-45CD-BB9A-0D24A0A90780}.Release|Any CPU.Build.0 = Release|Any CPU
	EndGlobalSection
	GlobalSection(SolutionProperties) = preSolution
		HideSolutionNode = FALSE
	EndGlobalSection
	GlobalSection(ExtensibilityGlobals) = postSolution
		SolutionGuid = {F8EA41D3-E99A-4FA8-868F-C9B9D988EE5B}
	EndGlobalSection
EndGlobal
